
Microsoft Visual Studio Solution File, Format Version 12.00
# Visual Studio 14
VisualStudioVersion = 14.0.22823.1
MinimumVisualStudioVersion = 10.0.40219.1
Project("{2150E333-8FDC-42A3-9474-1A3956D46DE8}") = "src", "src", "{4B6F5F9A-1FDA-4DE5-84BA-4C591CA5D00E}"
EndProject
Project("{2150E333-8FDC-42A3-9474-1A3956D46DE8}") = "Solution Items", "Solution Items", "{341D5204-FBE7-4E3F-B8FA-3920E1A16E0B}"
	ProjectSection(SolutionItems) = preProject
		global.json = global.json
	EndProjectSection
EndProject
Project("{8BB2217D-0F2D-49D1-97BC-3654ED321F3B}") = "AzurePlayground", "src\AzurePlayground\AzurePlayground.xproj", "{3C0B1410-5743-41C5-BCEA-DF5289DC4459}"
EndProject
Global
	GlobalSection(SolutionConfigurationPlatforms) = preSolution
		Debug|Any CPU = Debug|Any CPU
		Release|Any CPU = Release|Any CPU
	EndGlobalSection
	GlobalSection(ProjectConfigurationPlatforms) = postSolution
		{3C0B1410-5743-41C5-BCEA-DF5289DC4459}.Debug|Any CPU.ActiveCfg = Debug|Any CPU
		{3C0B1410-5743-41C5-BCEA-DF5289DC4459}.Debug|Any CPU.Build.0 = Debug|Any CPU
		{3C0B1410-5743-41C5-BCEA-DF5289DC4459}.Release|Any CPU.ActiveCfg = Release|Any CPU
		{3C0B1410-5743-41C5-BCEA-DF5289DC4459}.Release|Any CPU.Build.0 = Release|Any CPU
	EndGlobalSection
	GlobalSection(SolutionProperties) = preSolution
		HideSolutionNode = FALSE
	EndGlobalSection
	GlobalSection(NestedProjects) = preSolution
		{3C0B1410-5743-41C5-BCEA-DF5289DC4459} = {4B6F5F9A-1FDA-4DE5-84BA-4C591CA5D00E}
	EndGlobalSection
EndGlobal
